
Microsoft Visual Studio Solution File, Format Version 12.00
# Visual Studio Version 17
VisualStudioVersion = 17.10.35122.118
MinimumVisualStudioVersion = 10.0.40219.1
Project("{9A19103F-16F7-4668-BE54-9A1E7A4F7556}") = "BatmanCoop", "BatmanCoop\BatmanCoop\BatmanCoop.csproj", "{20E51430-9B95-4D0F-BA9E-197DAC40781B}"
EndProject
Project("{9A19103F-16F7-4668-BE54-9A1E7A4F7556}") = "BatmanCoop.Client", "BatmanCoop\BatmanCoop.Client\BatmanCoop.Client.csproj", "{4C85A199-6D43-4A3B-AED8-717E7A46F1F5}"
EndProject
Project("{9A19103F-16F7-4668-BE54-9A1E7A4F7556}") = "BatmanCoopShared", "BatmanCoopShared\BatmanCoopShared.csproj", "{D00F5D0B-D230-48F6-BD63-28750398F673}"
EndProject
Global
	GlobalSection(SolutionConfigurationPlatforms) = preSolution
		Debug|Any CPU = Debug|Any CPU
		Release|Any CPU = Release|Any CPU
	EndGlobalSection
	GlobalSection(ProjectConfigurationPlatforms) = postSolution
		{20E51430-9B95-4D0F-BA9E-197DAC40781B}.Debug|Any CPU.ActiveCfg = Debug|Any CPU
		{20E51430-9B95-4D0F-BA9E-197DAC40781B}.Debug|Any CPU.Build.0 = Debug|Any CPU
		{20E51430-9B95-4D0F-BA9E-197DAC40781B}.Release|Any CPU.ActiveCfg = Release|Any CPU
		{20E51430-9B95-4D0F-BA9E-197DAC40781B}.Release|Any CPU.Build.0 = Release|Any CPU
		{4C85A199-6D43-4A3B-AED8-717E7A46F1F5}.Debug|Any CPU.ActiveCfg = Debug|Any CPU
		{4C85A199-6D43-4A3B-AED8-717E7A46F1F5}.Debug|Any CPU.Build.0 = Debug|Any CPU
		{4C85A199-6D43-4A3B-AED8-717E7A46F1F5}.Release|Any CPU.ActiveCfg = Release|Any CPU
		{4C85A199-6D43-4A3B-AED8-717E7A46F1F5}.Release|Any CPU.Build.0 = Release|Any CPU
		{D00F5D0B-D230-48F6-BD63-28750398F673}.Debug|Any CPU.ActiveCfg = Debug|Any CPU
		{D00F5D0B-D230-48F6-BD63-28750398F673}.Debug|Any CPU.Build.0 = Debug|Any CPU
		{D00F5D0B-D230-48F6-BD63-28750398F673}.Release|Any CPU.ActiveCfg = Release|Any CPU
		{D00F5D0B-D230-48F6-BD63-28750398F673}.Release|Any CPU.Build.0 = Release|Any CPU
	EndGlobalSection
	GlobalSection(SolutionProperties) = preSolution
		HideSolutionNode = FALSE
	EndGlobalSection
	GlobalSection(ExtensibilityGlobals) = postSolution
		SolutionGuid = {8FD25D45-E168-4DFA-BE48-FB5FC5048DA3}
	EndGlobalSection
EndGlobal
